
Microsoft Visual Studio Solution File, Format Version 12.00
# Visual Studio 2012
Project("{FAE04EC0-301F-11D3-BF4B-00C04F79EFBC}") = "TestFlujoWebServiceSOAT", "TestFlujoWebServiceSOAT\TestFlujoWebServiceSOAT.csproj", "{A59CEF25-0FD1-4BF3-AD99-E376688F587E}"
EndProject
Project("{FAE04EC0-301F-11D3-BF4B-00C04F79EFBC}") = "Cerberus.ATC.GatewayV2.Service", "Cerberus.ATC.GatewayV2Service\Cerberus.ATC.GatewayV2.Service.csproj", "{12ABC5B7-B812-4F18-AE6C-8BF3CC593E50}"
EndProject
Global
	GlobalSection(SolutionConfigurationPlatforms) = preSolution
		Debug|Any CPU = Debug|Any CPU
		Release|Any CPU = Release|Any CPU
	EndGlobalSection
	GlobalSection(ProjectConfigurationPlatforms) = postSolution
		{A59CEF25-0FD1-4BF3-AD99-E376688F587E}.Debug|Any CPU.ActiveCfg = Debug|Any CPU
		{A59CEF25-0FD1-4BF3-AD99-E376688F587E}.Debug|Any CPU.Build.0 = Debug|Any CPU
		{A59CEF25-0FD1-4BF3-AD99-E376688F587E}.Release|Any CPU.ActiveCfg = Release|Any CPU
		{A59CEF25-0FD1-4BF3-AD99-E376688F587E}.Release|Any CPU.Build.0 = Release|Any CPU
		{12ABC5B7-B812-4F18-AE6C-8BF3CC593E50}.Debug|Any CPU.ActiveCfg = Debug|Any CPU
		{12ABC5B7-B812-4F18-AE6C-8BF3CC593E50}.Debug|Any CPU.Build.0 = Debug|Any CPU
		{12ABC5B7-B812-4F18-AE6C-8BF3CC593E50}.Release|Any CPU.ActiveCfg = Release|Any CPU
		{12ABC5B7-B812-4F18-AE6C-8BF3CC593E50}.Release|Any CPU.Build.0 = Release|Any CPU
	EndGlobalSection
	GlobalSection(SolutionProperties) = preSolution
		HideSolutionNode = FALSE
	EndGlobalSection
EndGlobal
